
Microsoft Visual Studio Solution File, Format Version 12.00
# Visual Studio Version 16
VisualStudioVersion = 16.0.29728.190
MinimumVisualStudioVersion = 10.0.40219.1
Project("{FAE04EC0-301F-11D3-BF4B-00C04F79EFBC}") = "08-03-2020", "08-03-2020.csproj", "{93B5335E-EDA9-40F8-85C4-FAFCA6A67AEE}"
EndProject
Global
	GlobalSection(SolutionConfigurationPlatforms) = preSolution
		Debug|Any CPU = Debug|Any CPU
		Release|Any CPU = Release|Any CPU
	EndGlobalSection
	GlobalSection(ProjectConfigurationPlatforms) = postSolution
		{93B5335E-EDA9-40F8-85C4-FAFCA6A67AEE}.Debug|Any CPU.ActiveCfg = Debug|Any CPU
		{93B5335E-EDA9-40F8-85C4-FAFCA6A67AEE}.Debug|Any CPU.Build.0 = Debug|Any CPU
		{93B5335E-EDA9-40F8-85C4-FAFCA6A67AEE}.Release|Any CPU.ActiveCfg = Release|Any CPU
		{93B5335E-EDA9-40F8-85C4-FAFCA6A67AEE}.Release|Any CPU.Build.0 = Release|Any CPU
	EndGlobalSection
	GlobalSection(SolutionProperties) = preSolution
		HideSolutionNode = FALSE
	EndGlobalSection
	GlobalSection(ExtensibilityGlobals) = postSolution
		SolutionGuid = {225D080F-2861-4ACB-96E7-104639AB0636}
	EndGlobalSection
EndGlobal
